// !$*UTF8*$!
{
	archiveVersion = 1;
	classes = {
	};
	objectVersion = 56;
	objects = {

/* Begin PBXBuildFile section */
		2029DAA02A2758AA00D86BE6 /* ScannetQRAppApp.swift in Sources */ = {isa = PBXBuildFile; fileRef = 2029DA9F2A2758AA00D86BE6 /* ScannetQRAppApp.swift */; };
		2029DAA22A2758AA00D86BE6 /* ContentView.swift in Sources */ = {isa = PBXBuildFile; fileRef = 2029DAA12A2758AA00D86BE6 /* ContentView.swift */; };
		2029DAA42A2758AB00D86BE6 /* Assets.xcassets in Resources */ = {isa = PBXBuildFile; fileRef = 2029DAA32A2758AB00D86BE6 /* Assets.xcassets */; };
		2029DAA72A2758AB00D86BE6 /* Preview Assets.xcassets in Resources */ = {isa = PBXBuildFile; fileRef = 2029DAA62A2758AB00D86BE6 /* Preview Assets.xcassets */; };
		2029DAAE2A275F5E00D86BE6 /* CameraView.swift in Sources */ = {isa = PBXBuildFile; fileRef = 2029DAAD2A275F5E00D86BE6 /* CameraView.swift */; };
		2029DAB02A27644A00D86BE6 /* Permission.swift in Sources */ = {isa = PBXBuildFile; fileRef = 2029DAAF2A27644A00D86BE6 /* Permission.swift */; };
		2029DAB32A276D3B00D86BE6 /* QRScannerDelegate.swift in Sources */ = {isa = PBXBuildFile; fileRef = 2029DAB22A276D3B00D86BE6 /* QRScannerDelegate.swift */; };
/* End PBXBuildFile section */

/* Begin PBXFileReference section */
		2029DA9C2A2758AA00D86BE6 /* ScannetQRApp.app */ = {isa = PBXFileReference; explicitFileType = wrapper.application; includeInIndex = 0; path = ScannetQRApp.app; sourceTree = BUILT_PRODUCTS_DIR; };
		2029DA9F2A2758AA00D86BE6 /* ScannetQRAppApp.swift */ = {isa = PBXFileReference; lastKnownFileType = sourcecode.swift; path = ScannetQRAppApp.swift; sourceTree = "<group>"; };
		2029DAA12A2758AA00D86BE6 /* ContentView.swift */ = {isa = PBXFileReference; lastKnownFileType = sourcecode.swift; path = ContentView.swift; sourceTree = "<group>"; };
		2029DAA32A2758AB00D86BE6 /* Assets.xcassets */ = {isa = PBXFileReference; lastKnownFileType = folder.assetcatalog; path = Assets.xcassets; sourceTree = "<group>"; };
		2029DAA62A2758AB00D86BE6 /* Preview Assets.xcassets */ = {isa = PBXFileReference; lastKnownFileType = folder.assetcatalog; path = "Preview Assets.xcassets"; sourceTree = "<group>"; };
		2029DAAD2A275F5E00D86BE6 /* CameraView.swift */ = {isa = PBXFileReference; lastKnownFileType = sourcecode.swift; path = CameraView.swift; sourceTree = "<group>"; };
		2029DAAF2A27644A00D86BE6 /* Permission.swift */ = {isa = PBXFileReference; lastKnownFileType = sourcecode.swift; path = Permission.swift; sourceTree = "<group>"; };
		2029DAB12A27666F00D86BE6 /* Info.plist */ = {isa = PBXFileReference; lastKnownFileType = text.plist; path = Info.plist; sourceTree = "<group>"; };
		2029DAB22A276D3B00D86BE6 /* QRScannerDelegate.swift */ = {isa = PBXFileReference; lastKnownFileType = sourcecode.swift; path = QRScannerDelegate.swift; sourceTree = "<group>"; };
/* End PBXFileReference section */

/* Begin PBXFrameworksBuildPhase section */
		2029DA992A2758AA00D86BE6 /* Frameworks */ = {
			isa = PBXFrameworksBuildPhase;
			buildActionMask = 2147483647;
			files = (
			);
			runOnlyForDeploymentPostprocessing = 0;
		};
/* End PBXFrameworksBuildPhase section */

/* Begin PBXGroup section */
		2029DA932A2758AA00D86BE6 = {
			isa = PBXGroup;
			children = (
				2029DA9E2A2758AA00D86BE6 /* ScannetQRApp */,
				2029DA9D2A2758AA00D86BE6 /* Products */,
			);
			sourceTree = "<group>";
		};
		2029DA9D2A2758AA00D86BE6 /* Products */ = {
			isa = PBXGroup;
			children = (
				2029DA9C2A2758AA00D86BE6 /* ScannetQRApp.app */,
			);
			name = Products;
			sourceTree = "<group>";
		};
		2029DA9E2A2758AA00D86BE6 /* ScannetQRApp */ = {
			isa = PBXGroup;
			children = (
				2029DAB12A27666F00D86BE6 /* Info.plist */,
				2029DA9F2A2758AA00D86BE6 /* ScannetQRAppApp.swift */,
				2029DAA12A2758AA00D86BE6 /* ContentView.swift */,
				2029DAAD2A275F5E00D86BE6 /* CameraView.swift */,
				2029DAB42A276D4500D86BE6 /* Model */,
				2029DAA32A2758AB00D86BE6 /* Assets.xcassets */,
				2029DAA52A2758AB00D86BE6 /* Preview Content */,
			);
			path = ScannetQRApp;
			sourceTree = "<group>";
		};
		2029DAA52A2758AB00D86BE6 /* Preview Content */ = {
			isa = PBXGroup;
			children = (
				2029DAA62A2758AB00D86BE6 /* Preview Assets.xcassets */,
			);
			path = "Preview Content";
			sourceTree = "<group>";
		};
		2029DAB42A276D4500D86BE6 /* Model */ = {
			isa = PBXGroup;
			children = (
				2029DAAF2A27644A00D86BE6 /* Permission.swift */,
				2029DAB22A276D3B00D86BE6 /* QRScannerDelegate.swift */,
			);
			path = Model;
			sourceTree = "<group>";
		};
/* End PBXGroup section */

/* Begin PBXNativeTarget section */
		2029DA9B2A2758AA00D86BE6 /* ScannetQRApp */ = {
			isa = PBXNativeTarget;
			buildConfigurationList = 2029DAAA2A2758AB00D86BE6 /* Build configuration list for PBXNativeTarget "ScannetQRApp" */;
			buildPhases = (
				2029DA982A2758AA00D86BE6 /* Sources */,
				2029DA992A2758AA00D86BE6 /* Frameworks */,
				2029DA9A2A2758AA00D86BE6 /* Resources */,
			);
			buildRules = (
			);
			dependencies = (
			);
			name = ScannetQRApp;
			productName = ScannetQRApp;
			productReference = 2029DA9C2A2758AA00D86BE6 /* ScannetQRApp.app */;
			productType = "com.apple.product-type.application";
		};
/* End PBXNativeTarget section */

/* Begin PBXProject section */
		2029DA942A2758AA00D86BE6 /* Project object */ = {
			isa = PBXProject;
			attributes = {
				BuildIndependentTargetsInParallel = 1;
				LastSwiftUpdateCheck = 1420;
				LastUpgradeCheck = 1420;
				TargetAttributes = {
					2029DA9B2A2758AA00D86BE6 = {
						CreatedOnToolsVersion = 14.2;
					};
				};
			};
			buildConfigurationList = 2029DA972A2758AA00D86BE6 /* Build configuration list for PBXProject "ScannetQRApp" */;
			compatibilityVersion = "Xcode 14.0";
			developmentRegion = en;
			hasScannedForEncodings = 0;
			knownRegions = (
				en,
				Base,
			);
			mainGroup = 2029DA932A2758AA00D86BE6;
			productRefGroup = 2029DA9D2A2758AA00D86BE6 /* Products */;
			projectDirPath = "";
			projectRoot = "";
			targets = (
				2029DA9B2A2758AA00D86BE6 /* ScannetQRApp */,
			);
		};
/* End PBXProject section */

/* Begin PBXResourcesBuildPhase section */
		2029DA9A2A2758AA00D86BE6 /* Resources */ = {
			isa = PBXResourcesBuildPhase;
			buildActionMask = 2147483647;
			files = (
				2029DAA72A2758AB00D86BE6 /* Preview Assets.xcassets in Resources */,
				2029DAA42A2758AB00D86BE6 /* Assets.xcassets in Resources */,
			);
			runOnlyForDeploymentPostprocessing = 0;
		};
/* End PBXResourcesBuildPhase section */

/* Begin PBXSourcesBuildPhase section */
		2029DA982A2758AA00D86BE6 /* Sources */ = {
			isa = PBXSourcesBuildPhase;
			buildActionMask = 2147483647;
			files = (
				2029DAB02A27644A00D86BE6 /* Permission.swift in Sources */,
				2029DAAE2A275F5E00D86BE6 /* CameraView.swift in Sources */,
				2029DAB32A276D3B00D86BE6 /* QRScannerDelegate.swift in Sources */,
				2029DAA22A2758AA00D86BE6 /* ContentView.swift in Sources */,
				2029DAA02A2758AA00D86BE6 /* ScannetQRAppApp.swift in Sources */,
			);
			runOnlyForDeploymentPostprocessing = 0;
		};
/* End PBXSourcesBuildPhase section */

/* Begin XCBuildConfiguration section */
		2029DAA82A2758AB00D86BE6 /* Debug */ = {
			isa = XCBuildConfiguration;
			buildSettings = {
				ALWAYS_SEARCH_USER_PATHS = NO;
				CLANG_ANALYZER_NONNULL = YES;
				CLANG_ANALYZER_NUMBER_OBJECT_CONVERSION = YES_AGGRESSIVE;
				CLANG_CXX_LANGUAGE_STANDARD = "gnu++20";
				CLANG_ENABLE_MODULES = YES;
				CLANG_ENABLE_OBJC_ARC = YES;
				CLANG_ENABLE_OBJC_WEAK = YES;
				CLANG_WARN_BLOCK_CAPTURE_AUTORELEASING = YES;
				CLANG_WARN_BOOL_CONVERSION = YES;
				CLANG_WARN_COMMA = YES;
				CLANG_WARN_CONSTANT_CONVERSION = YES;
				CLANG_WARN_DEPRECATED_OBJC_IMPLEMENTATIONS = YES;
				CLANG_WARN_DIRECT_OBJC_ISA_USAGE = YES_ERROR;
				CLANG_WARN_DOCUMENTATION_COMMENTS = YES;
				CLANG_WARN_EMPTY_BODY = YES;
				CLANG_WARN_ENUM_CONVERSION = YES;
				CLANG_WARN_INFINITE_RECURSION = YES;
				CLANG_WARN_INT_CONVERSION = YES;
				CLANG_WARN_NON_LITERAL_NULL_CONVERSION = YES;
				CLANG_WARN_OBJC_IMPLICIT_RETAIN_SELF = YES;
				CLANG_WARN_OBJC_LITERAL_CONVERSION = YES;
				CLANG_WARN_OBJC_ROOT_CLASS = YES_ERROR;
				CLANG_WARN_QUOTED_INCLUDE_IN_FRAMEWORK_HEADER = YES;
				CLANG_WARN_RANGE_LOOP_ANALYSIS = YES;
				CLANG_WARN_STRICT_PROTOTYPES = YES;
				CLANG_WARN_SUSPICIOUS_MOVE = YES;
				CLANG_WARN_UNGUARDED_AVAILABILITY = YES_AGGRESSIVE;
				CLANG_WARN_UNREACHABLE_CODE = YES;
				CLANG_WARN__DUPLICATE_METHOD_MATCH = YES;
				COPY_PHASE_STRIP = NO;
				DEBUG_INFORMATION_FORMAT = dwarf;
				ENABLE_STRICT_OBJC_MSGSEND = YES;
				ENABLE_TESTABILITY = YES;
				GCC_C_LANGUAGE_STANDARD = gnu11;
				GCC_DYNAMIC_NO_PIC = NO;
				GCC_NO_COMMON_BLOCKS = YES;
				GCC_OPTIMIZATION_LEVEL = 0;
				GCC_PREPROCESSOR_DEFINITIONS = (
					"DEBUG=1",
					"$(inherited)",
				);
				GCC_WARN_64_TO_32_BIT_CONVERSION = YES;
				GCC_WARN_ABOUT_RETURN_TYPE = YES_ERROR;
				GCC_WARN_UNDECLARED_SELECTOR = YES;
				GCC_WARN_UNINITIALIZED_AUTOS = YES_AGGRESSIVE;
				GCC_WARN_UNUSED_FUNCTION = YES;
				GCC_WARN_UNUSED_VARIABLE = YES;
				IPHONEOS_DEPLOYMENT_TARGET = 16.0;
				MTL_ENABLE_DEBUG_INFO = INCLUDE_SOURCE;
				MTL_FAST_MATH = YES;
				ONLY_ACTIVE_ARCH = YES;
				SDKROOT = iphoneos;
				SWIFT_ACTIVE_COMPILATION_CONDITIONS = DEBUG;
				SWIFT_OPTIMIZATION_LEVEL = "-Onone";
			};
			name = Debug;
		};
		2029DAA92A2758AB00D86BE6 /* Release */ = {
			isa = XCBuildConfiguration;
			buildSettings = {
				ALWAYS_SEARCH_USER_PATHS = NO;
				CLANG_ANALYZER_NONNULL = YES;
				CLANG_ANALYZER_NUMBER_OBJECT_CONVERSION = YES_AGGRESSIVE;
				CLANG_CXX_LANGUAGE_STANDARD = "gnu++20";
				CLANG_ENABLE_MODULES = YES;
				CLANG_ENABLE_OBJC_ARC = YES;
				CLANG_ENABLE_OBJC_WEAK = YES;
				CLANG_WARN_BLOCK_CAPTURE_AUTORELEASING = YES;
				CLANG_WARN_BOOL_CONVERSION = YES;
				CLANG_WARN_COMMA = YES;
				CLANG_WARN_CONSTANT_CONVERSION = YES;
				CLANG_WARN_DEPRECATED_OBJC_IMPLEMENTATIONS = YES;
				CLANG_WARN_DIRECT_OBJC_ISA_USAGE = YES_ERROR;
				CLANG_WARN_DOCUMENTATION_COMMENTS = YES;
				CLANG_WARN_EMPTY_BODY = YES;
				CLANG_WARN_ENUM_CONVERSION = YES;
				CLANG_WARN_INFINITE_RECURSION = YES;
				CLANG_WARN_INT_CONVERSION = YES;
				CLANG_WARN_NON_LITERAL_NULL_CONVERSION = YES;
				CLANG_WARN_OBJC_IMPLICIT_RETAIN_SELF = YES;
				CLANG_WARN_OBJC_LITERAL_CONVERSION = YES;
				CLANG_WARN_OBJC_ROOT_CLASS = YES_ERROR;
				CLANG_WARN_QUOTED_INCLUDE_IN_FRAMEWORK_HEADER = YES;
				CLANG_WARN_RANGE_LOOP_ANALYSIS = YES;
				CLANG_WARN_STRICT_PROTOTYPES = YES;
				CLANG_WARN_SUSPICIOUS_MOVE = YES;
				CLANG_WARN_UNGUARDED_AVAILABILITY = YES_AGGRESSIVE;
				CLANG_WARN_UNREACHABLE_CODE = YES;
				CLANG_WARN__DUPLICATE_METHOD_MATCH = YES;
				COPY_PHASE_STRIP = NO;
				DEBUG_INFORMATION_FORMAT = "dwarf-with-dsym";
				ENABLE_NS_ASSERTIONS = NO;
				ENABLE_STRICT_OBJC_MSGSEND = YES;
				GCC_C_LANGUAGE_STANDARD = gnu11;
				GCC_NO_COMMON_BLOCKS = YES;
				GCC_WARN_64_TO_32_BIT_CONVERSION = YES;
				GCC_WARN_ABOUT_RETURN_TYPE = YES_ERROR;
				GCC_WARN_UNDECLARED_SELECTOR = YES;
				GCC_WARN_UNINITIALIZED_AUTOS = YES_AGGRESSIVE;
				GCC_WARN_UNUSED_FUNCTION = YES;
				GCC_WARN_UNUSED_VARIABLE = YES;
				IPHONEOS_DEPLOYMENT_TARGET = 16.0;
				MTL_ENABLE_DEBUG_INFO = NO;
				MTL_FAST_MATH = YES;
				SDKROOT = iphoneos;
				SWIFT_COMPILATION_MODE = wholemodule;
				SWIFT_OPTIMIZATION_LEVEL = "-O";
				VALIDATE_PRODUCT = YES;
			};
			name = Release;
		};
		2029DAAB2A2758AB00D86BE6 /* Debug */ = {
			isa = XCBuildConfiguration;
			buildSettings = {
				ASSETCATALOG_COMPILER_APPICON_NAME = AppIcon;
				ASSETCATALOG_COMPILER_GLOBAL_ACCENT_COLOR_NAME = AccentColor;
				CODE_SIGN_STYLE = Automatic;
				CURRENT_PROJECT_VERSION = 1;
				DEVELOPMENT_ASSET_PATHS = "\"ScannetQRApp/Preview Content\"";
				DEVELOPMENT_TEAM = 52CHWJ7645;
				ENABLE_PREVIEWS = YES;
				GENERATE_INFOPLIST_FILE = YES;
				INFOPLIST_FILE = ScannetQRApp/Info.plist;
				INFOPLIST_KEY_NSCameraUsageDescription = "";
				INFOPLIST_KEY_UIApplicationSceneManifest_Generation = YES;
				INFOPLIST_KEY_UIApplicationSupportsIndirectInputEvents = YES;
				INFOPLIST_KEY_UILaunchScreen_Generation = YES;
				INFOPLIST_KEY_UISupportedInterfaceOrientations_iPad = "UIInterfaceOrientationPortrait UIInterfaceOrientationPortraitUpsideDown UIInterfaceOrientationLandscapeLeft UIInterfaceOrientationLandscapeRight";
				INFOPLIST_KEY_UISupportedInterfaceOrientations_iPhone = "UIInterfaceOrientationPortrait UIInterfaceOrientationLandscapeLeft UIInterfaceOrientationLandscapeRight";
				LD_RUNPATH_SEARCH_PATHS = (
					"$(inherited)",
					"@executable_path/Frameworks",
				);
				MARKETING_VERSION = 1.0;
				PRODUCT_BUNDLE_IDENTIFIER = "-.ScannetQRApp";
				PRODUCT_NAME = "$(TARGET_NAME)";
				SWIFT_EMIT_LOC_STRINGS = YES;
				SWIFT_VERSION = 5.0;
				TARGETED_DEVICE_FAMILY = "1,2";
			};
			name = Debug;
		};
		2029DAAC2A2758AB00D86BE6 /* Release */ = {
			isa = XCBuildConfiguration;
			buildSettings = {
				ASSETCATALOG_COMPILER_APPICON_NAME = AppIcon;
				ASSETCATALOG_COMPILER_GLOBAL_ACCENT_COLOR_NAME = AccentColor;
				CODE_SIGN_STYLE = Automatic;
				CURRENT_PROJECT_VERSION = 1;
				DEVELOPMENT_ASSET_PATHS = "\"ScannetQRApp/Preview Content\"";
				DEVELOPMENT_TEAM = 52CHWJ7645;
				ENABLE_PREVIEWS = YES;
				GENERATE_INFOPLIST_FILE = YES;
				INFOPLIST_FILE = ScannetQRApp/Info.plist;
				INFOPLIST_KEY_NSCameraUsageDescription = "";
				INFOPLIST_KEY_UIApplicationSceneManifest_Generation = YES;
				INFOPLIST_KEY_UIApplicationSupportsIndirectInputEvents = YES;
				INFOPLIST_KEY_UILaunchScreen_Generation = YES;
				INFOPLIST_KEY_UISupportedInterfaceOrientations_iPad = "UIInterfaceOrientationPortrait UIInterfaceOrientationPortraitUpsideDown UIInterfaceOrientationLandscapeLeft UIInterfaceOrientationLandscapeRight";
				INFOPLIST_KEY_UISupportedInterfaceOrientations_iPhone = "UIInterfaceOrientationPortrait UIInterfaceOrientationLandscapeLeft UIInterfaceOrientationLandscapeRight";
				LD_RUNPATH_SEARCH_PATHS = (
					"$(inherited)",
					"@executable_path/Frameworks",
				);
				MARKETING_VERSION = 1.0;
				PRODUCT_BUNDLE_IDENTIFIER = "-.ScannetQRApp";
				PRODUCT_NAME = "$(TARGET_NAME)";
				SWIFT_EMIT_LOC_STRINGS = YES;
				SWIFT_VERSION = 5.0;
				TARGETED_DEVICE_FAMILY = "1,2";
			};
			name = Release;
		};
/* End XCBuildConfiguration section */

/* Begin XCConfigurationList section */
		2029DA972A2758AA00D86BE6 /* Build configuration list for PBXProject "ScannetQRApp" */ = {
			isa = XCConfigurationList;
			buildConfigurations = (
				2029DAA82A2758AB00D86BE6 /* Debug */,
				2029DAA92A2758AB00D86BE6 /* Release */,
			);
			defaultConfigurationIsVisible = 0;
			defaultConfigurationName = Release;
		};
		2029DAAA2A2758AB00D86BE6 /* Build configuration list for PBXNativeTarget "ScannetQRApp" */ = {
			isa = XCConfigurationList;
			buildConfigurations = (
				2029DAAB2A2758AB00D86BE6 /* Debug */,
				2029DAAC2A2758AB00D86BE6 /* Release */,
			);
			defaultConfigurationIsVisible = 0;
			defaultConfigurationName = Release;
		};
/* End XCConfigurationList section */
	};
	rootObject = 2029DA942A2758AA00D86BE6 /* Project object */;
}
